// !$*UTF8*$!
{
	archiveVersion = 1;
	classes = {
	};
	objectVersion = 46;
	objects = {

/* Begin PBXBuildFile section */
		0C8D3FE330598A547927114C /* Pods_VocaStudy.framework in Frameworks */ = {isa = PBXBuildFile; fileRef = B3CB8741E13218B72D27E804 /* Pods_VocaStudy.framework */; };
		4A7CAD781ED5B67700C9F70F /* AppDelegate.swift in Sources */ = {isa = PBXBuildFile; fileRef = 4A7CAD771ED5B67700C9F70F /* AppDelegate.swift */; };
		4A7CAD7D1ED5B67700C9F70F /* Main.storyboard in Resources */ = {isa = PBXBuildFile; fileRef = 4A7CAD7B1ED5B67700C9F70F /* Main.storyboard */; };
		4A7CAD7F1ED5B67700C9F70F /* Assets.xcassets in Resources */ = {isa = PBXBuildFile; fileRef = 4A7CAD7E1ED5B67700C9F70F /* Assets.xcassets */; };
		4A7CAD821ED5B67700C9F70F /* LaunchScreen.storyboard in Resources */ = {isa = PBXBuildFile; fileRef = 4A7CAD801ED5B67700C9F70F /* LaunchScreen.storyboard */; };
		4A7CAD8A1ED5B69F00C9F70F /* TableViewController.swift in Sources */ = {isa = PBXBuildFile; fileRef = 4A7CAD891ED5B69F00C9F70F /* TableViewController.swift */; };
		4A979E451ED961D300E74670 /* ItemData.swift in Sources */ = {isa = PBXBuildFile; fileRef = 4A979E441ED961D300E74670 /* ItemData.swift */; };
		4AA59A191ED96C1200B823AF /* Common.swift in Sources */ = {isa = PBXBuildFile; fileRef = 4AA59A181ED96C1200B823AF /* Common.swift */; };
		4AA59A1D1ED97FA100B823AF /* PlayViewController.swift in Sources */ = {isa = PBXBuildFile; fileRef = 4AA59A1C1ED97FA100B823AF /* PlayViewController.swift */; };
		4AA59A1F1EDE922C00B823AF /* next_img.png in Resources */ = {isa = PBXBuildFile; fileRef = 4AA59A1E1EDE922C00B823AF /* next_img.png */; };
		4AA59A211EDE923500B823AF /* previous_img.png in Resources */ = {isa = PBXBuildFile; fileRef = 4AA59A201EDE923500B823AF /* previous_img.png */; };
		4AA59A231EDEA56D00B823AF /* v2.jpg in Resources */ = {isa = PBXBuildFile; fileRef = 4AA59A221EDEA56D00B823AF /* v2.jpg */; };
		4AA59A251EDEA58500B823AF /* v2_icon.jpg in Resources */ = {isa = PBXBuildFile; fileRef = 4AA59A241EDEA58500B823AF /* v2_icon.jpg */; };
/* End PBXBuildFile section */

/* Begin PBXFileReference section */
		4A7CAD741ED5B67700C9F70F /* VocaStudy.app */ = {isa = PBXFileReference; explicitFileType = wrapper.application; includeInIndex = 0; path = VocaStudy.app; sourceTree = BUILT_PRODUCTS_DIR; };
		4A7CAD771ED5B67700C9F70F /* AppDelegate.swift */ = {isa = PBXFileReference; lastKnownFileType = sourcecode.swift; path = AppDelegate.swift; sourceTree = "<group>"; };
		4A7CAD7C1ED5B67700C9F70F /* Base */ = {isa = PBXFileReference; lastKnownFileType = file.storyboard; name = Base; path = Base.lproj/Main.storyboard; sourceTree = "<group>"; };
		4A7CAD7E1ED5B67700C9F70F /* Assets.xcassets */ = {isa = PBXFileReference; lastKnownFileType = folder.assetcatalog; path = Assets.xcassets; sourceTree = "<group>"; };
		4A7CAD811ED5B67700C9F70F /* Base */ = {isa = PBXFileReference; lastKnownFileType = file.storyboard; name = Base; path = Base.lproj/LaunchScreen.storyboard; sourceTree = "<group>"; };
		4A7CAD831ED5B67700C9F70F /* Info.plist */ = {isa = PBXFileReference; lastKnownFileType = text.plist.xml; path = Info.plist; sourceTree = "<group>"; };
		4A7CAD891ED5B69F00C9F70F /* TableViewController.swift */ = {isa = PBXFileReference; fileEncoding = 4; lastKnownFileType = sourcecode.swift; path = TableViewController.swift; sourceTree = "<group>"; };
		4A979E441ED961D300E74670 /* ItemData.swift */ = {isa = PBXFileReference; fileEncoding = 4; lastKnownFileType = sourcecode.swift; path = ItemData.swift; sourceTree = "<group>"; };
		4AA59A181ED96C1200B823AF /* Common.swift */ = {isa = PBXFileReference; fileEncoding = 4; lastKnownFileType = sourcecode.swift; path = Common.swift; sourceTree = "<group>"; };
		4AA59A1C1ED97FA100B823AF /* PlayViewController.swift */ = {isa = PBXFileReference; fileEncoding = 4; lastKnownFileType = sourcecode.swift; path = PlayViewController.swift; sourceTree = "<group>"; };
		4AA59A1E1EDE922C00B823AF /* next_img.png */ = {isa = PBXFileReference; lastKnownFileType = image.png; path = next_img.png; sourceTree = "<group>"; };
		4AA59A201EDE923500B823AF /* previous_img.png */ = {isa = PBXFileReference; lastKnownFileType = image.png; path = previous_img.png; sourceTree = "<group>"; };
		4AA59A221EDEA56D00B823AF /* v2.jpg */ = {isa = PBXFileReference; lastKnownFileType = image.jpeg; path = v2.jpg; sourceTree = "<group>"; };
		4AA59A241EDEA58500B823AF /* v2_icon.jpg */ = {isa = PBXFileReference; lastKnownFileType = image.jpeg; path = v2_icon.jpg; sourceTree = "<group>"; };
		64D5CF898AC9BC36413EC846 /* Pods-VocaStudy.release.xcconfig */ = {isa = PBXFileReference; includeInIndex = 1; lastKnownFileType = text.xcconfig; name = "Pods-VocaStudy.release.xcconfig"; path = "Pods/Target Support Files/Pods-VocaStudy/Pods-VocaStudy.release.xcconfig"; sourceTree = "<group>"; };
		B3CB8741E13218B72D27E804 /* Pods_VocaStudy.framework */ = {isa = PBXFileReference; explicitFileType = wrapper.framework; includeInIndex = 0; path = Pods_VocaStudy.framework; sourceTree = BUILT_PRODUCTS_DIR; };
		C136B2F539E4F304D07201E6 /* Pods-VocaStudy.debug.xcconfig */ = {isa = PBXFileReference; includeInIndex = 1; lastKnownFileType = text.xcconfig; name = "Pods-VocaStudy.debug.xcconfig"; path = "Pods/Target Support Files/Pods-VocaStudy/Pods-VocaStudy.debug.xcconfig"; sourceTree = "<group>"; };
/* End PBXFileReference section */

/* Begin PBXFrameworksBuildPhase section */
		4A7CAD711ED5B67700C9F70F /* Frameworks */ = {
			isa = PBXFrameworksBuildPhase;
			buildActionMask = 2147483647;
			files = (
				0C8D3FE330598A547927114C /* Pods_VocaStudy.framework in Frameworks */,
			);
			runOnlyForDeploymentPostprocessing = 0;
		};
/* End PBXFrameworksBuildPhase section */

/* Begin PBXGroup section */
		4A7CAD6B1ED5B67700C9F70F = {
			isa = PBXGroup;
			children = (
				4A7CAD761ED5B67700C9F70F /* VocaStudy */,
				4A7CAD751ED5B67700C9F70F /* Products */,
				B549B912D999798F0B6E279B /* Pods */,
				66DA4A68D92B27E2AB7756CC /* Frameworks */,
			);
			sourceTree = "<group>";
		};
		4A7CAD751ED5B67700C9F70F /* Products */ = {
			isa = PBXGroup;
			children = (
				4A7CAD741ED5B67700C9F70F /* VocaStudy.app */,
			);
			name = Products;
			sourceTree = "<group>";
		};
		4A7CAD761ED5B67700C9F70F /* VocaStudy */ = {
			isa = PBXGroup;
			children = (
				4AA59A241EDEA58500B823AF /* v2_icon.jpg */,
				4AA59A221EDEA56D00B823AF /* v2.jpg */,
				4A7CAD7E1ED5B67700C9F70F /* Assets.xcassets */,
				4A7CAD831ED5B67700C9F70F /* Info.plist */,
				4A7CAD801ED5B67700C9F70F /* LaunchScreen.storyboard */,
				4A7CAD771ED5B67700C9F70F /* AppDelegate.swift */,
				4A7CAD7B1ED5B67700C9F70F /* Main.storyboard */,
				4A7CAD891ED5B69F00C9F70F /* TableViewController.swift */,
				4A979E441ED961D300E74670 /* ItemData.swift */,
				4AA59A181ED96C1200B823AF /* Common.swift */,
				4AA59A1C1ED97FA100B823AF /* PlayViewController.swift */,
				4AA59A1E1EDE922C00B823AF /* next_img.png */,
				4AA59A201EDE923500B823AF /* previous_img.png */,
			);
			path = VocaStudy;
			sourceTree = "<group>";
		};
		66DA4A68D92B27E2AB7756CC /* Frameworks */ = {
			isa = PBXGroup;
			children = (
				B3CB8741E13218B72D27E804 /* Pods_VocaStudy.framework */,
			);
			name = Frameworks;
			sourceTree = "<group>";
		};
		B549B912D999798F0B6E279B /* Pods */ = {
			isa = PBXGroup;
			children = (
				C136B2F539E4F304D07201E6 /* Pods-VocaStudy.debug.xcconfig */,
				64D5CF898AC9BC36413EC846 /* Pods-VocaStudy.release.xcconfig */,
			);
			name = Pods;
			sourceTree = "<group>";
		};
/* End PBXGroup section */

/* Begin PBXNativeTarget section */
		4A7CAD731ED5B67700C9F70F /* VocaStudy */ = {
			isa = PBXNativeTarget;
			buildConfigurationList = 4A7CAD861ED5B67700C9F70F /* Build configuration list for PBXNativeTarget "VocaStudy" */;
			buildPhases = (
				6E758B15AFD98E157012B4A0 /* [CP] Check Pods Manifest.lock */,
				4A7CAD701ED5B67700C9F70F /* Sources */,
				4A7CAD711ED5B67700C9F70F /* Frameworks */,
				4A7CAD721ED5B67700C9F70F /* Resources */,
				E0EDAC5714FC2CCDC793E7E0 /* [CP] Embed Pods Frameworks */,
				D5BD4A00B97A62AFC3D29C8F /* [CP] Copy Pods Resources */,
			);
			buildRules = (
			);
			dependencies = (
			);
			name = VocaStudy;
			productName = VocaStudy;
			productReference = 4A7CAD741ED5B67700C9F70F /* VocaStudy.app */;
			productType = "com.apple.product-type.application";
		};
/* End PBXNativeTarget section */

/* Begin PBXProject section */
		4A7CAD6C1ED5B67700C9F70F /* Project object */ = {
			isa = PBXProject;
			attributes = {
				LastSwiftUpdateCheck = 0830;
				LastUpgradeCheck = 0830;
				ORGANIZATIONNAME = ansi;
				TargetAttributes = {
					4A7CAD731ED5B67700C9F70F = {
						CreatedOnToolsVersion = 8.3.2;
						DevelopmentTeam = 3LKUPW7U8G;
						ProvisioningStyle = Automatic;
					};
				};
			};
			buildConfigurationList = 4A7CAD6F1ED5B67700C9F70F /* Build configuration list for PBXProject "VocaStudy" */;
			compatibilityVersion = "Xcode 3.2";
			developmentRegion = English;
			hasScannedForEncodings = 0;
			knownRegions = (
				en,
				Base,
			);
			mainGroup = 4A7CAD6B1ED5B67700C9F70F;
			productRefGroup = 4A7CAD751ED5B67700C9F70F /* Products */;
			projectDirPath = "";
			projectRoot = "";
			targets = (
				4A7CAD731ED5B67700C9F70F /* VocaStudy */,
			);
		};
/* End PBXProject section */

/* Begin PBXResourcesBuildPhase section */
		4A7CAD721ED5B67700C9F70F /* Resources */ = {
			isa = PBXResourcesBuildPhase;
			buildActionMask = 2147483647;
			files = (
				4A7CAD821ED5B67700C9F70F /* LaunchScreen.storyboard in Resources */,
				4A7CAD7F1ED5B67700C9F70F /* Assets.xcassets in Resources */,
				4AA59A1F1EDE922C00B823AF /* next_img.png in Resources */,
				4AA59A211EDE923500B823AF /* previous_img.png in Resources */,
				4A7CAD7D1ED5B67700C9F70F /* Main.storyboard in Resources */,
				4AA59A231EDEA56D00B823AF /* v2.jpg in Resources */,
				4AA59A251EDEA58500B823AF /* v2_icon.jpg in Resources */,
			);
			runOnlyForDeploymentPostprocessing = 0;
		};
/* End PBXResourcesBuildPhase section */

/* Begin PBXShellScriptBuildPhase section */
		6E758B15AFD98E157012B4A0 /* [CP] Check Pods Manifest.lock */ = {
			isa = PBXShellScriptBuildPhase;
			buildActionMask = 2147483647;
			files = (
			);
			inputPaths = (
			);
			name = "[CP] Check Pods Manifest.lock";
			outputPaths = (
			);
			runOnlyForDeploymentPostprocessing = 0;
			shellPath = /bin/sh;
			shellScript = "diff \"${PODS_PODFILE_DIR_PATH}/Podfile.lock\" \"${PODS_ROOT}/Manifest.lock\" > /dev/null\nif [ $? != 0 ] ; then\n    # print error to STDERR\n    echo \"error: The sandbox is not in sync with the Podfile.lock. Run 'pod install' or update your CocoaPods installation.\" >&2\n    exit 1\nfi\n";
			showEnvVarsInLog = 0;
		};
		D5BD4A00B97A62AFC3D29C8F /* [CP] Copy Pods Resources */ = {
			isa = PBXShellScriptBuildPhase;
			buildActionMask = 2147483647;
			files = (
			);
			inputPaths = (
			);
			name = "[CP] Copy Pods Resources";
			outputPaths = (
			);
			runOnlyForDeploymentPostprocessing = 0;
			shellPath = /bin/sh;
			shellScript = "\"${SRCROOT}/Pods/Target Support Files/Pods-VocaStudy/Pods-VocaStudy-resources.sh\"\n";
			showEnvVarsInLog = 0;
		};
		E0EDAC5714FC2CCDC793E7E0 /* [CP] Embed Pods Frameworks */ = {
			isa = PBXShellScriptBuildPhase;
			buildActionMask = 2147483647;
			files = (
			);
			inputPaths = (
			);
			name = "[CP] Embed Pods Frameworks";
			outputPaths = (
			);
			runOnlyForDeploymentPostprocessing = 0;
			shellPath = /bin/sh;
			shellScript = "\"${SRCROOT}/Pods/Target Support Files/Pods-VocaStudy/Pods-VocaStudy-frameworks.sh\"\n";
			showEnvVarsInLog = 0;
		};
/* End PBXShellScriptBuildPhase section */

/* Begin PBXSourcesBuildPhase section */
		4A7CAD701ED5B67700C9F70F /* Sources */ = {
			isa = PBXSourcesBuildPhase;
			buildActionMask = 2147483647;
			files = (
				4AA59A191ED96C1200B823AF /* Common.swift in Sources */,
				4AA59A1D1ED97FA100B823AF /* PlayViewController.swift in Sources */,
				4A7CAD8A1ED5B69F00C9F70F /* TableViewController.swift in Sources */,
				4A979E451ED961D300E74670 /* ItemData.swift in Sources */,
				4A7CAD781ED5B67700C9F70F /* AppDelegate.swift in Sources */,
			);
			runOnlyForDeploymentPostprocessing = 0;
		};
/* End PBXSourcesBuildPhase section */

/* Begin PBXVariantGroup section */
		4A7CAD7B1ED5B67700C9F70F /* Main.storyboard */ = {
			isa = PBXVariantGroup;
			children = (
				4A7CAD7C1ED5B67700C9F70F /* Base */,
			);
			name = Main.storyboard;
			sourceTree = "<group>";
		};
		4A7CAD801ED5B67700C9F70F /* LaunchScreen.storyboard */ = {
			isa = PBXVariantGroup;
			children = (
				4A7CAD811ED5B67700C9F70F /* Base */,
			);
			name = LaunchScreen.storyboard;
			sourceTree = "<group>";
		};
/* End PBXVariantGroup section */

/* Begin XCBuildConfiguration section */
		4A7CAD841ED5B67700C9F70F /* Debug */ = {
			isa = XCBuildConfiguration;
			buildSettings = {
				ALWAYS_SEARCH_USER_PATHS = NO;
				CLANG_ANALYZER_NONNULL = YES;
				CLANG_ANALYZER_NUMBER_OBJECT_CONVERSION = YES_AGGRESSIVE;
				CLANG_CXX_LANGUAGE_STANDARD = "gnu++0x";
				CLANG_CXX_LIBRARY = "libc++";
				CLANG_ENABLE_MODULES = YES;
				CLANG_ENABLE_OBJC_ARC = YES;
				CLANG_WARN_BOOL_CONVERSION = YES;
				CLANG_WARN_CONSTANT_CONVERSION = YES;
				CLANG_WARN_DIRECT_OBJC_ISA_USAGE = YES_ERROR;
				CLANG_WARN_DOCUMENTATION_COMMENTS = YES;
				CLANG_WARN_EMPTY_BODY = YES;
				CLANG_WARN_ENUM_CONVERSION = YES;
				CLANG_WARN_INFINITE_RECURSION = YES;
				CLANG_WARN_INT_CONVERSION = YES;
				CLANG_WARN_OBJC_ROOT_CLASS = YES_ERROR;
				CLANG_WARN_SUSPICIOUS_MOVE = YES;
				CLANG_WARN_UNREACHABLE_CODE = YES;
				CLANG_WARN__DUPLICATE_METHOD_MATCH = YES;
				"CODE_SIGN_IDENTITY[sdk=iphoneos*]" = "iPhone Developer";
				COPY_PHASE_STRIP = NO;
				DEBUG_INFORMATION_FORMAT = dwarf;
				ENABLE_STRICT_OBJC_MSGSEND = YES;
				ENABLE_TESTABILITY = YES;
				GCC_C_LANGUAGE_STANDARD = gnu99;
				GCC_DYNAMIC_NO_PIC = NO;
				GCC_NO_COMMON_BLOCKS = YES;
				GCC_OPTIMIZATION_LEVEL = 0;
				GCC_PREPROCESSOR_DEFINITIONS = (
					"DEBUG=1",
					"$(inherited)",
				);
				GCC_WARN_64_TO_32_BIT_CONVERSION = YES;
				GCC_WARN_ABOUT_RETURN_TYPE = YES_ERROR;
				GCC_WARN_UNDECLARED_SELECTOR = YES;
				GCC_WARN_UNINITIALIZED_AUTOS = YES_AGGRESSIVE;
				GCC_WARN_UNUSED_FUNCTION = YES;
				GCC_WARN_UNUSED_VARIABLE = YES;
				IPHONEOS_DEPLOYMENT_TARGET = 10.3;
				MTL_ENABLE_DEBUG_INFO = YES;
				ONLY_ACTIVE_ARCH = YES;
				SDKROOT = iphoneos;
				SWIFT_ACTIVE_COMPILATION_CONDITIONS = DEBUG;
				SWIFT_OPTIMIZATION_LEVEL = "-Onone";
			};
			name = Debug;
		};
		4A7CAD851ED5B67700C9F70F /* Release */ = {
			isa = XCBuildConfiguration;
			buildSettings = {
				ALWAYS_SEARCH_USER_PATHS = NO;
				CLANG_ANALYZER_NONNULL = YES;
				CLANG_ANALYZER_NUMBER_OBJECT_CONVERSION = YES_AGGRESSIVE;
				CLANG_CXX_LANGUAGE_STANDARD = "gnu++0x";
				CLANG_CXX_LIBRARY = "libc++";
				CLANG_ENABLE_MODULES = YES;
				CLANG_ENABLE_OBJC_ARC = YES;
				CLANG_WARN_BOOL_CONVERSION = YES;
				CLANG_WARN_CONSTANT_CONVERSION = YES;
				CLANG_WARN_DIRECT_OBJC_ISA_USAGE = YES_ERROR;
				CLANG_WARN_DOCUMENTATION_COMMENTS = YES;
				CLANG_WARN_EMPTY_BODY = YES;
				CLANG_WARN_ENUM_CONVERSION = YES;
				CLANG_WARN_INFINITE_RECURSION = YES;
				CLANG_WARN_INT_CONVERSION = YES;
				CLANG_WARN_OBJC_ROOT_CLASS = YES_ERROR;
				CLANG_WARN_SUSPICIOUS_MOVE = YES;
				CLANG_WARN_UNREACHABLE_CODE = YES;
				CLANG_WARN__DUPLICATE_METHOD_MATCH = YES;
				"CODE_SIGN_IDENTITY[sdk=iphoneos*]" = "iPhone Developer";
				COPY_PHASE_STRIP = NO;
				DEBUG_INFORMATION_FORMAT = "dwarf-with-dsym";
				ENABLE_NS_ASSERTIONS = NO;
				ENABLE_STRICT_OBJC_MSGSEND = YES;
				GCC_C_LANGUAGE_STANDARD = gnu99;
				GCC_NO_COMMON_BLOCKS = YES;
				GCC_WARN_64_TO_32_BIT_CONVERSION = YES;
				GCC_WARN_ABOUT_RETURN_TYPE = YES_ERROR;
				GCC_WARN_UNDECLARED_SELECTOR = YES;
				GCC_WARN_UNINITIALIZED_AUTOS = YES_AGGRESSIVE;
				GCC_WARN_UNUSED_FUNCTION = YES;
				GCC_WARN_UNUSED_VARIABLE = YES;
				IPHONEOS_DEPLOYMENT_TARGET = 10.3;
				MTL_ENABLE_DEBUG_INFO = NO;
				SDKROOT = iphoneos;
				SWIFT_OPTIMIZATION_LEVEL = "-Owholemodule";
				VALIDATE_PRODUCT = YES;
			};
			name = Release;
		};
		4A7CAD871ED5B67700C9F70F /* Debug */ = {
			isa = XCBuildConfiguration;
			baseConfigurationReference = C136B2F539E4F304D07201E6 /* Pods-VocaStudy.debug.xcconfig */;
			buildSettings = {
				ASSETCATALOG_COMPILER_APPICON_NAME = AppIcon;
				DEVELOPMENT_TEAM = 3LKUPW7U8G;
				INFOPLIST_FILE = VocaStudy/Info.plist;
				LD_RUNPATH_SEARCH_PATHS = "$(inherited) @executable_path/Frameworks";
				PRODUCT_BUNDLE_IDENTIFIER = com.study.VocaStudy;
				PRODUCT_NAME = "$(TARGET_NAME)";
				SWIFT_VERSION = 3.0;
			};
			name = Debug;
		};
		4A7CAD881ED5B67700C9F70F /* Release */ = {
			isa = XCBuildConfiguration;
			baseConfigurationReference = 64D5CF898AC9BC36413EC846 /* Pods-VocaStudy.release.xcconfig */;
			buildSettings = {
				ASSETCATALOG_COMPILER_APPICON_NAME = AppIcon;
				DEVELOPMENT_TEAM = 3LKUPW7U8G;
				INFOPLIST_FILE = VocaStudy/Info.plist;
				LD_RUNPATH_SEARCH_PATHS = "$(inherited) @executable_path/Frameworks";
				PRODUCT_BUNDLE_IDENTIFIER = com.study.VocaStudy;
				PRODUCT_NAME = "$(TARGET_NAME)";
				SWIFT_VERSION = 3.0;
			};
			name = Release;
		};
/* End XCBuildConfiguration section */

/* Begin XCConfigurationList section */
		4A7CAD6F1ED5B67700C9F70F /* Build configuration list for PBXProject "VocaStudy" */ = {
			isa = XCConfigurationList;
			buildConfigurations = (
				4A7CAD841ED5B67700C9F70F /* Debug */,
				4A7CAD851ED5B67700C9F70F /* Release */,
			);
			defaultConfigurationIsVisible = 0;
			defaultConfigurationName = Release;
		};
		4A7CAD861ED5B67700C9F70F /* Build configuration list for PBXNativeTarget "VocaStudy" */ = {
			isa = XCConfigurationList;
			buildConfigurations = (
				4A7CAD871ED5B67700C9F70F /* Debug */,
				4A7CAD881ED5B67700C9F70F /* Release */,
			);
			defaultConfigurationIsVisible = 0;
			defaultConfigurationName = Release;
		};
/* End XCConfigurationList section */
	};
	rootObject = 4A7CAD6C1ED5B67700C9F70F /* Project object */;
}
